{
  "name": "Homework-4",
  "lockfileVersion": 2,
  "requires": true,
  "packages": {
    "": {
      "dependencies": {
        "package.json": "*"
      }
    },
    "ode_modules/abs": {
      "version": "1.3.14",
      "resolved": "https://registry.npmjs.org/abs/-/abs-1.3.14.tgz",
      "integrity": "sha512-PrS26IzwKLWwuURpiKl8wRmJ2KdR/azaVrLEBWG/TALwT20Y7qjtYp1qcMLHA4206hBHY5phv3w4pjf9NPv4Vw==",
      "extraneous": true,
      "dependencies": {
        "ul": "^5.0.0"
      },
      "devDependencies": {
        "mocha": "^2.2.5"
      }
    },
    "ode_modules/capture-stack-trace": {
      "version": "1.0.1",
      "resolved": "https://registry.npmjs.org/capture-stack-trace/-/capture-stack-trace-1.0.1.tgz",
      "integrity": "sha512-mYQLZnx5Qt1JgB1WEiMCf2647plpGeQ2NMR/5L0HNZzGQo4fuSPnK+wjfPnKZV0aiJDgzmWqqkV/g7JD+DW0qw==",
      "extraneous": true,
      "devDependencies": {
        "mocha": "*"
      },
      "engines": {
        "node": ">=0.10.0"
      }
    },
    "ode_modules/core-util-is": {
      "version": "1.0.3",
      "resolved": "https://registry.npmjs.org/core-util-is/-/core-util-is-1.0.3.tgz",
      "integrity": "sha512-ZQBvi1DcpJ4GDqanjucZ2Hj3wEO5pZDS89BWbkcrvdxksJorwUDDZamX9ldFkp9aw2lmBDLgkObEA4DWNJ9FYQ==",
      "extraneous": true,
      "devDependencies": {
        "tap": "^15.0.9"
      }
    },
    "ode_modules/create-error-class": {
      "version": "3.0.2",
      "resolved": "https://registry.npmjs.org/create-error-class/-/create-error-class-3.0.2.tgz",
      "integrity": "sha1-Br56vvlHo/FKMP1hBnHUAbyot7Y=",
      "extraneous": true,
      "dependencies": {
        "capture-stack-trace": "^1.0.0"
      },
      "devDependencies": {
        "mocha": "*"
      },
      "engines": {
        "node": ">=0.10.0"
      }
    },
    "ode_modules/deep-extend": {
      "version": "0.6.0",
      "resolved": "https://registry.npmjs.org/deep-extend/-/deep-extend-0.6.0.tgz",
      "integrity": "sha512-LOHxIOaPYdHlJRtCQfDIVZtfw/ufM8+rVj649RIHzcm/vGwQRXFt6OPqIFWsm2XEMrNIEtWR64sY1LEKD2vAOA==",
      "extraneous": true,
      "devDependencies": {
        "mocha": "5.2.0",
        "should": "13.2.1"
      },
      "engines": {
        "node": ">=4.0.0"
      }
    },
    "ode_modules/deffy": {
      "version": "2.2.4",
      "resolved": "https://registry.npmjs.org/deffy/-/deffy-2.2.4.tgz",
      "integrity": "sha512-pLc9lsbsWjr6RxmJ2OLyvm+9l4j1yK69h+TML/gUit/t3vTijpkNGh8LioaJYTGO7F25m6HZndADcUOo2PsiUg==",
      "extraneous": true,
      "dependencies": {
        "typpy": "^2.0.0"
      }
    },
    "ode_modules/duplexer2": {
      "version": "0.1.4",
      "resolved": "https://registry.npmjs.org/duplexer2/-/duplexer2-0.1.4.tgz",
      "integrity": "sha1-ixLauHjA1p4+eJEFFmKjL8a93ME=",
      "extraneous": true,
      "dependencies": {
        "readable-stream": "^2.0.2"
      },
      "devDependencies": {
        "mocha": "^2.2.5"
      }
    },
    "ode_modules/err": {
      "version": "1.1.1",
      "resolved": "https://registry.npmjs.org/err/-/err-1.1.1.tgz",
      "integrity": "sha1-65KOLhGjFmSPeCgz0PlyWLpDwvg=",
      "extraneous": true,
      "dependencies": {
        "typpy": "^2.2.0"
      }
    },
    "ode_modules/error-ex": {
      "version": "1.3.2",
      "resolved": "https://registry.npmjs.org/error-ex/-/error-ex-1.3.2.tgz",
      "integrity": "sha512-7dFHNmqeFSEt2ZBsCriorKnn3Z2pj+fd9kmI6QoWw4//DL+icEBfc0U7qJCisqrTsKTjw4fNFy2pW9OqStD84g==",
      "extraneous": true,
      "dependencies": {
        "is-arrayish": "^0.2.1"
      },
      "devDependencies": {
        "coffee-script": "^1.9.3",
        "coveralls": "^2.11.2",
        "istanbul": "^0.3.17",
        "mocha": "^2.2.5",
        "should": "^7.0.1",
        "xo": "^0.7.1"
      }
    },
    "ode_modules/exec-limiter": {
      "version": "3.2.13",
      "resolved": "https://registry.npmjs.org/exec-limiter/-/exec-limiter-3.2.13.tgz",
      "integrity": "sha512-86Ri699bwiHZVBzTzNj8gspqAhCPchg70zPVWIh3qzUOA1pUMcb272Em3LPk8AE0mS95B9yMJhtqF8vFJAn0dA==",
      "extraneous": true,
      "dependencies": {
        "limit-it": "^3.0.0",
        "typpy": "^2.1.0"
      },
      "devDependencies": {
        "mocha": "^2.3.3"
      }
    },
    "ode_modules/function-bind": {
      "version": "1.1.1",
      "resolved": "https://registry.npmjs.org/function-bind/-/function-bind-1.1.1.tgz",
      "integrity": "sha512-yIovAzMX49sF8Yl58fSCWJ5svSLuaibPxXQJFLmBObTuCr0Mf1KiPopGM9NiFjiYBCbfaa2Fh6breQ6ANVTI0A==",
      "extraneous": true,
      "devDependencies": {
        "@ljharb/eslint-config": "^12.2.1",
        "covert": "^1.1.0",
        "eslint": "^4.5.0",
        "jscs": "^3.0.7",
        "tape": "^4.8.0"
      }
    },
    "ode_modules/function.name": {
      "version": "1.0.13",
      "resolved": "https://registry.npmjs.org/function.name/-/function.name-1.0.13.tgz",
      "integrity": "sha512-mVrqdoy5npWZyoXl4DxCeuVF6delDcQjVS9aPdvLYlBxtMTZDR2B5GVEQEoM1jJyspCqg3C0v4ABkLE7tp9xFA==",
      "extraneous": true,
      "dependencies": {
        "noop6": "^1.0.1"
      },
      "devDependencies": {
        "dist-it": "^2.0.1"
      }
    },
    "ode_modules/git-package-json": {
      "version": "1.4.10",
      "resolved": "https://registry.npmjs.org/git-package-json/-/git-package-json-1.4.10.tgz",
      "integrity": "sha512-DRAcvbzd2SxGK7w8OgYfvKqhFliT5keX0lmSmVdgScgf1kkl5tbbo7Pam6uYoCa1liOiipKxQZG8quCtGWl/fA==",
      "extraneous": true,
      "dependencies": {
        "deffy": "^2.2.1",
        "err": "^1.1.1",
        "gry": "^5.0.0",
        "normalize-package-data": "^2.3.5",
        "oargv": "^3.4.1",
        "one-by-one": "^3.1.0",
        "r-json": "^1.2.1",
        "r-package-json": "^1.0.0",
        "tmp": "0.0.28"
      }
    },
    "ode_modules/git-source": {
      "version": "1.1.10",
      "resolved": "https://registry.npmjs.org/git-source/-/git-source-1.1.10.tgz",
      "integrity": "sha512-XZZ7ZgnLL35oLgM/xjnLYgtlKlxJG0FohC1kWDvGkU7s1VKGXK0pFF/g1itQEwQ3D+uTQzBnzPi8XbqOv7Wc1Q==",
      "extraneous": true,
      "dependencies": {
        "git-url-parse": "^5.0.1"
      },
      "devDependencies": {
        "tester": "^1.3.1"
      }
    },
    "ode_modules/git-up": {
      "version": "1.2.1",
      "resolved": "https://registry.npmjs.org/git-up/-/git-up-1.2.1.tgz",
      "integrity": "sha1-JkSAoAax2EJhrB/gmjpRacV+oZ0=",
      "extraneous": true,
      "dependencies": {
        "is-ssh": "^1.0.0",
        "parse-url": "^1.0.0"
      },
      "devDependencies": {
        "mocha": "^2.2.5"
      }
    },
    "ode_modules/git-url-parse": {
      "version": "5.0.1",
      "resolved": "https://registry.npmjs.org/git-url-parse/-/git-url-parse-5.0.1.tgz",
      "integrity": "sha1-/j15xnRq4FBIz6UIyB553du6OEM=",
      "extraneous": true,
      "dependencies": {
        "git-up": "^1.0.0"
      },
      "devDependencies": {
        "tester": "^1.3.1"
      }
    },
    "ode_modules/got": {
      "version": "5.6.0",
      "resolved": "https://registry.npmjs.org/got/-/got-5.6.0.tgz",
      "integrity": "sha1-ux1+4WO3gIK7yOuDbz85UATqb78=",
      "extraneous": true,
      "dependencies": {
        "create-error-class": "^3.0.1",
        "duplexer2": "^0.1.4",
        "is-plain-obj": "^1.0.0",
        "is-redirect": "^1.0.0",
        "is-retry-allowed": "^1.0.0",
        "is-stream": "^1.0.0",
        "lowercase-keys": "^1.0.0",
        "node-status-codes": "^1.0.0",
        "object-assign": "^4.0.1",
        "parse-json": "^2.1.0",
        "pinkie-promise": "^2.0.0",
        "read-all-stream": "^3.0.0",
        "readable-stream": "^2.0.5",
        "timed-out": "^2.0.0",
        "unzip-response": "^1.0.0",
        "url-parse-lax": "^1.0.0"
      },
      "devDependencies": {
        "ava": "^0.5.0",
        "coveralls": "^2.11.4",
        "get-port": "^2.0.0",
        "into-stream": "^2.0.0",
        "nyc": "^3.2.2",
        "pem": "^1.4.4",
        "pify": "^2.3.0",
        "tempfile": "^1.1.1",
        "xo": "*"
      },
      "engines": {
        "node": ">=0.10.0"
      }
    },
    "ode_modules/gry": {
      "version": "5.0.8",
      "resolved": "https://registry.npmjs.org/gry/-/gry-5.0.8.tgz",
      "integrity": "sha512-meq9ZjYVpLzZh3ojhTg7IMad9grGsx6rUUKHLqPnhLXzJkRQvEL2U3tQpS5/WentYTtHtxkT3Ew/mb10D6F6/g==",
      "extraneous": true,
      "dependencies": {
        "abs": "^1.2.1",
        "exec-limiter": "^3.0.0",
        "one-by-one": "^3.0.0",
        "ul": "^5.0.0"
      }
    },
    "ode_modules/has": {
      "version": "1.0.3",
      "resolved": "https://registry.npmjs.org/has/-/has-1.0.3.tgz",
      "integrity": "sha512-f2dvO0VU6Oej7RkWJGrehjbzMAjFp5/VKPp5tTpWIV4JHHZK1/BxbFRtf/siA2SWTe09caDmVtYYzWEIbBS4zw==",
      "extraneous": true,
      "dependencies": {
        "function-bind": "^1.1.1"
      },
      "devDependencies": {
        "@ljharb/eslint-config": "^12.2.1",
        "eslint": "^4.19.1",
        "tape": "^4.9.0"
      },
      "engines": {
        "node": ">= 0.4.0"
      }
    },
    "ode_modules/hosted-git-info": {
      "version": "2.8.9",
      "resolved": "https://registry.npmjs.org/hosted-git-info/-/hosted-git-info-2.8.9.tgz",
      "integrity": "sha512-mxIDAb9Lsm6DoOJ7xH+5+X4y1LU/4Hi50L9C5sIswK3JzULS4bwk1FvjdBgvYR4bzT4tuUQiC15FE2f5HbLvYw==",
      "extraneous": true,
      "devDependencies": {
        "standard": "^11.0.1",
        "standard-version": "^4.4.0",
        "tap": "^12.7.0"
      }
    },
    "ode_modules/inherits": {
      "version": "2.0.4",
      "resolved": "https://registry.npmjs.org/inherits/-/inherits-2.0.4.tgz",
      "integrity": "sha512-k/vGaX4/Yla3WzyMCvTQOXYeIHvqOKtnqBduzTHpzpQZzAskKMhZ2K+EnBiSM9zGSoIFeMpXKxa4dYeZIQqewQ==",
      "extraneous": true,
      "devDependencies": {
        "tap": "^14.2.4"
      }
    },
    "ode_modules/ini": {
      "version": "1.3.8",
      "resolved": "https://registry.npmjs.org/ini/-/ini-1.3.8.tgz",
      "integrity": "sha512-JV/yugV2uzW5iMRSiZAyDtQd+nxtUnjeLt0acNdw98kKLrvuRVyB80tsREOE7yvGVgalhZ6RNXCmEHkUKBKxew==",
      "extraneous": true,
      "devDependencies": {
        "eslint": "^7.9.0",
        "eslint-plugin-import": "^2.22.0",
        "eslint-plugin-node": "^11.1.0",
        "eslint-plugin-promise": "^4.2.1",
        "eslint-plugin-standard": "^4.0.1",
        "tap": "14"
      }
    },
    "ode_modules/is-arrayish": {
      "version": "0.2.1",
      "resolved": "https://registry.npmjs.org/is-arrayish/-/is-arrayish-0.2.1.tgz",
      "integrity": "sha1-d8mYQFJ6qOyxqLppe4BkWnqSap0=",
      "extraneous": true,
      "devDependencies": {
        "coffee-script": "^1.9.3",
        "coveralls": "^2.11.2",
        "istanbul": "^0.3.17",
        "mocha": "^2.2.5",
        "should": "^7.0.1",
        "xo": "^0.6.1"
      }
    },
    "ode_modules/is-core-module": {
      "version": "2.8.1",
      "resolved": "https://registry.npmjs.org/is-core-module/-/is-core-module-2.8.1.tgz",
      "integrity": "sha512-SdNCUs284hr40hFTFP6l0IfZ/RSrMXF3qgoRHd3/79unUTvrFO/JoXwkGm+5J/Oe3E/b5GsnG330uUNgRpu1PA==",
      "extraneous": true,
      "dependencies": {
        "has": "^1.0.3"
      },
      "devDependencies": {
        "@ljharb/eslint-config": "^20.1.0",
        "aud": "^1.1.5",
        "auto-changelog": "^2.3.0",
        "eslint": "^8.6.0",
        "nyc": "^10.3.2",
        "safe-publish-latest": "^2.0.0",
        "semver": "^6.3.0",
        "tape": "^5.4.0"
      },
      "funding": {
        "url": "https://github.com/sponsors/ljharb"
      }
    },
    "ode_modules/is-plain-obj": {
      "version": "1.1.0",
      "resolved": "https://registry.npmjs.org/is-plain-obj/-/is-plain-obj-1.1.0.tgz",
      "integrity": "sha1-caUMhCnfync8kqOQpKA7OfzVHT4=",
      "extraneous": true,
      "devDependencies": {
        "ava": "0.0.4"
      },
      "engines": {
        "node": ">=0.10.0"
      }
    },
    "ode_modules/is-redirect": {
      "version": "1.0.0",
      "resolved": "https://registry.npmjs.org/is-redirect/-/is-redirect-1.0.0.tgz",
      "integrity": "sha1-HQPd7VO9jbDzDCbk+V02/HyH3CQ=",
      "extraneous": true,
      "devDependencies": {
        "ava": "0.0.4"
      },
      "engines": {
        "node": ">=0.10.0"
      }
    },
    "ode_modules/is-retry-allowed": {
      "version": "1.2.0",
      "resolved": "https://registry.npmjs.org/is-retry-allowed/-/is-retry-allowed-1.2.0.tgz",
      "integrity": "sha512-RUbUeKwvm3XG2VYamhJL1xFktgjvPzL0Hq8C+6yrWIswDy3BIXGqCxhxkc30N9jqK311gVU137K8Ei55/zVJRg==",
      "extraneous": true,
      "devDependencies": {
        "ava": "^0.8.0",
        "xo": "^0.12.1"
      },
      "engines": {
        "node": ">=0.10.0"
      }
    },
    "ode_modules/is-ssh": {
      "version": "1.3.3",
      "resolved": "https://registry.npmjs.org/is-ssh/-/is-ssh-1.3.3.tgz",
      "integrity": "sha512-NKzJmQzJfEEma3w5cJNcUMxoXfDjz0Zj0eyCalHn2E6VOwlzjZo0yuO2fcBSf8zhFuVCL/82/r5gRcoi6aEPVQ==",
      "extraneous": true,
      "dependencies": {
        "protocols": "^1.1.0"
      },
      "devDependencies": {
        "tester": "^1.3.1"
      }
    },
    "ode_modules/is-stream": {
      "version": "1.1.0",
      "resolved": "https://registry.npmjs.org/is-stream/-/is-stream-1.1.0.tgz",
      "integrity": "sha1-EtSj3U5o4Lec6428hBc66A2RykQ=",
      "extraneous": true,
      "devDependencies": {
        "ava": "*",
        "tempfile": "^1.1.0",
        "xo": "*"
      },
      "engines": {
        "node": ">=0.10.0"
      }
    },
    "ode_modules/isarray": {
      "version": "1.0.0",
      "resolved": "https://registry.npmjs.org/isarray/-/isarray-1.0.0.tgz",
      "integrity": "sha1-u5NdSFgsuhaMBoNJV6VKPgcSTxE=",
      "extraneous": true,
      "devDependencies": {
        "tape": "~2.13.4"
      }
    },
    "ode_modules/iterate-object": {
      "version": "1.3.4",
      "resolved": "https://registry.npmjs.org/iterate-object/-/iterate-object-1.3.4.tgz",
      "integrity": "sha512-4dG1D1x/7g8PwHS9aK6QV5V94+ZvyP4+d19qDv43EzImmrndysIl4prmJ1hWWIGCqrZHyaHBm6BSEWHOLnpoNw==",
      "extraneous": true
    },
    "ode_modules/limit-it": {
      "version": "3.2.10",
      "resolved": "https://registry.npmjs.org/limit-it/-/limit-it-3.2.10.tgz",
      "integrity": "sha512-T0NK99pHnkimldr1WUqvbGV1oWDku/xC9J/OqzJFsV1jeOS6Bwl8W7vkeQIBqwiON9dTALws+rX/XPMQqWerDQ==",
      "extraneous": true,
      "dependencies": {
        "typpy": "^2.0.0"
      }
    },
    "ode_modules/lowercase-keys": {
      "version": "1.0.1",
      "resolved": "https://registry.npmjs.org/lowercase-keys/-/lowercase-keys-1.0.1.tgz",
      "integrity": "sha512-G2Lj61tXDnVFFOi8VZds+SoQjtQC3dgokKdDG2mTm1tx4m50NUHBOZSBwQQHyy0V12A0JTG4icfZQH+xPyh8VA==",
      "extraneous": true,
      "devDependencies": {
        "ava": "*"
      },
      "engines": {
        "node": ">=0.10.0"
      }
    },
    "ode_modules/minimist": {
      "version": "1.2.5",
      "resolved": "https://registry.npmjs.org/minimist/-/minimist-1.2.5.tgz",
      "integrity": "sha512-FM9nNUYrRBAELZQT3xeZQ7fmMOBg6nWNmJKTcgsJeaLstP/UODVpGsr5OhXhhXg6f+qtJ8uiZ+PUxkDWcgIXLw==",
      "extraneous": true,
      "devDependencies": {
        "covert": "^1.0.0",
        "tap": "~0.4.0",
        "tape": "^3.5.0"
      }
    },
    "ode_modules/node-status-codes": {
      "version": "1.0.0",
      "resolved": "https://registry.npmjs.org/node-status-codes/-/node-status-codes-1.0.0.tgz",
      "integrity": "sha1-WuVUHQJGRdMqWPzdyc7s6nrjrC8=",
      "extraneous": true,
      "devDependencies": {
        "ava": "0.0.4"
      },
      "engines": {
        "node": ">=0.10.0"
      }
    },
    "ode_modules/noop6": {
      "version": "1.0.9",
      "resolved": "https://registry.npmjs.org/noop6/-/noop6-1.0.9.tgz",
      "integrity": "sha512-DB3Hwyd89dPr5HqEPg3YHjzvwh/mCqizC1zZ8vyofqc+TQRyPDnT4wgXXbLGF4z9YAzwwTLi8pNLhGqcbSjgkA==",
      "extraneous": true
    },
    "ode_modules/normalize-package-data": {
      "version": "2.5.0",
      "resolved": "https://registry.npmjs.org/normalize-package-data/-/normalize-package-data-2.5.0.tgz",
      "integrity": "sha512-/5CMN3T0R4XTj4DcGaexo+roZSdSFW/0AOOTROrjxzCG1wrWXEsGbRKevjlIL+ZDE4sZlJr5ED4YW0yqmkK+eA==",
      "extraneous": true,
      "dependencies": {
        "hosted-git-info": "^2.1.4",
        "resolve": "^1.10.0",
        "semver": "2 || 3 || 4 || 5",
        "validate-npm-package-license": "^3.0.1"
      },
      "devDependencies": {
        "async": "^2.6.1",
        "tap": "^12.4.0",
        "underscore": "^1.8.3"
      }
    },
    "ode_modules/oargv": {
      "version": "3.4.10",
      "resolved": "https://registry.npmjs.org/oargv/-/oargv-3.4.10.tgz",
      "integrity": "sha512-SXaMANv9sr7S/dP0vj0+Ybipa47UE1ntTWQ2rpPRhC6Bsvfl+Jg03Xif7jfL0sWKOYWK8oPjcZ5eJ82t8AP/8g==",
      "extraneous": true,
      "dependencies": {
        "iterate-object": "^1.1.0",
        "ul": "^5.0.0"
      },
      "devDependencies": {
        "mocha": "^2.2.5"
      }
    },
    "ode_modules/obj-def": {
      "version": "1.0.9",
      "resolved": "https://registry.npmjs.org/obj-def/-/obj-def-1.0.9.tgz",
      "integrity": "sha512-bQ4ya3VYD6FAA1+s6mEhaURRHSmw4+sKaXE6UyXZ1XDYc5D+c7look25dFdydmLd18epUegh398gdDkMUZI9xg==",
      "extraneous": true,
      "dependencies": {
        "deffy": "^2.2.2"
      }
    },
    "ode_modules/object-assign": {
      "version": "4.1.1",
      "resolved": "https://registry.npmjs.org/object-assign/-/object-assign-4.1.1.tgz",
      "integrity": "sha1-IQmtx5ZYh8/AXLvUQsrIv7s2CGM=",
      "extraneous": true,
      "devDependencies": {
        "ava": "^0.16.0",
        "lodash": "^4.16.4",
        "matcha": "^0.7.0",
        "xo": "^0.16.0"
      },
      "engines": {
        "node": ">=0.10.0"
      }
    },
    "ode_modules/one-by-one": {
      "version": "3.2.8",
      "resolved": "https://registry.npmjs.org/one-by-one/-/one-by-one-3.2.8.tgz",
      "integrity": "sha512-HR/pSzZdm46Xqj58K+Bu64kMbSTw8/u77AwWvV+rprO/OsuR++pPlkUJn+SmwqBGRgHKwSKQ974V3uls7crIeQ==",
      "extraneous": true,
      "dependencies": {
        "obj-def": "^1.0.0",
        "sliced": "^1.0.1"
      }
    },
    "ode_modules/os-tmpdir": {
      "version": "1.0.2",
      "resolved": "https://registry.npmjs.org/os-tmpdir/-/os-tmpdir-1.0.2.tgz",
      "integrity": "sha1-u+Z0BseaqFxc/sdm/lc0VV36EnQ=",
      "extraneous": true,
      "devDependencies": {
        "ava": "*",
        "xo": "^0.16.0"
      },
      "engines": {
        "node": ">=0.10.0"
      }
    },
    "ode_modules/package-json": {
      "version": "2.4.0",
      "resolved": "https://registry.npmjs.org/package-json/-/package-json-2.4.0.tgz",
      "integrity": "sha1-DRW9Z9HLvduyyiIv8u24a8sxqLs=",
      "extraneous": true,
      "dependencies": {
        "got": "^5.0.0",
        "registry-auth-token": "^3.0.1",
        "registry-url": "^3.0.3",
        "semver": "^5.1.0"
      },
      "devDependencies": {
        "ava": "*",
        "mock-private-registry": "^1.1.0",
        "xo": "*"
      },
      "engines": {
        "node": ">=0.10.0"
      }
    },
    "ode_modules/package-json-path": {
      "version": "1.0.9",
      "resolved": "https://registry.npmjs.org/package-json-path/-/package-json-path-1.0.9.tgz",
      "integrity": "sha512-uNu7f6Ef7tQHZRnkyVnCtzdSYVN9uBtge/sG7wzcUaawFWkPYUq67iXxRGrQSg/q0tzxIB8jSyIYUKjG2Jn//A==",
      "extraneous": true,
      "dependencies": {
        "abs": "^1.2.1"
      }
    },
    "ode_modules/package.json": {
      "version": "2.0.1",
      "resolved": "https://registry.npmjs.org/package.json/-/package.json-2.0.1.tgz",
      "integrity": "sha1-+IYFnSpJ7QduZIg2ldc7K0bSHW0=",
      "deprecated": "Use pkg.json instead.",
      "extraneous": true,
      "dependencies": {
        "git-package-json": "^1.4.0",
        "git-source": "^1.1.0",
        "package-json": "^2.3.1"
      }
    },
    "ode_modules/parse-json": {
      "version": "2.2.0",
      "resolved": "https://registry.npmjs.org/parse-json/-/parse-json-2.2.0.tgz",
      "integrity": "sha1-9ID0BDTvgHQfhGkJn43qGPVaTck=",
      "extraneous": true,
      "dependencies": {
        "error-ex": "^1.2.0"
      },
      "devDependencies": {
        "ava": "0.0.4",
        "xo": "*"
      },
      "engines": {
        "node": ">=0.10.0"
      }
    },
    "ode_modules/parse-url": {
      "version": "1.3.11",
      "resolved": "https://registry.npmjs.org/parse-url/-/parse-url-1.3.11.tgz",
      "integrity": "sha1-V8FUKKuKiSsfQ4aWRccR0OFEtVQ=",
      "extraneous": true,
      "dependencies": {
        "is-ssh": "^1.3.0",
        "protocols": "^1.4.0"
      },
      "devDependencies": {
        "tester": "^1.3.1"
      }
    },
    "ode_modules/path-parse": {
      "version": "1.0.7",
      "resolved": "https://registry.npmjs.org/path-parse/-/path-parse-1.0.7.tgz",
      "integrity": "sha512-LDJzPVEEEPR+y48z93A0Ed0yXb8pAByGWo/k5YYdYgpY2/2EsOsksJrq7lOHxryrVOn1ejG6oAp8ahvOIQD8sw==",
      "extraneous": true
    },
    "ode_modules/pinkie": {
      "version": "2.0.4",
      "resolved": "https://registry.npmjs.org/pinkie/-/pinkie-2.0.4.tgz",
      "integrity": "sha1-clVrgM+g1IqXToDnckjoDtT3+HA=",
      "extraneous": true,
      "devDependencies": {
        "core-assert": "^0.1.1",
        "coveralls": "^2.11.4",
        "mocha": "*",
        "nyc": "^3.2.2",
        "promises-aplus-tests": "*",
        "xo": "^0.10.1"
      },
      "engines": {
        "node": ">=0.10.0"
      }
    },
    "ode_modules/pinkie-promise": {
      "version": "2.0.1",
      "resolved": "https://registry.npmjs.org/pinkie-promise/-/pinkie-promise-2.0.1.tgz",
      "integrity": "sha1-ITXW36ejWMBprJsXh3YogihFD/o=",
      "extraneous": true,
      "dependencies": {
        "pinkie": "^2.0.0"
      },
      "devDependencies": {
        "mocha": "*"
      },
      "engines": {
        "node": ">=0.10.0"
      }
    },
    "ode_modules/prepend-http": {
      "version": "1.0.4",
      "resolved": "https://registry.npmjs.org/prepend-http/-/prepend-http-1.0.4.tgz",
      "integrity": "sha1-1PRWKwzjaW5BrFLQ4ALlemNdxtw=",
      "extraneous": true,
      "devDependencies": {
        "ava": "*",
        "xo": "*"
      },
      "engines": {
        "node": ">=0.10.0"
      }
    },
    "ode_modules/process-nextick-args": {
      "version": "2.0.1",
      "resolved": "https://registry.npmjs.org/process-nextick-args/-/process-nextick-args-2.0.1.tgz",
      "integrity": "sha512-3ouUOpQhtgrbOa17J7+uxOTpITYWaGP7/AhoR3+A+/1e9skrzelGi/dXzEYyvbxubEF6Wn2ypscTKiKJFFn1ag==",
      "extraneous": true,
      "devDependencies": {
        "tap": "~0.2.6"
      }
    },
    "ode_modules/protocols": {
      "version": "1.4.8",
      "resolved": "https://registry.npmjs.org/protocols/-/protocols-1.4.8.tgz",
      "integrity": "sha512-IgjKyaUSjsROSO8/D49Ab7hP8mJgTYcqApOqdPhLoPxAplXmkp+zRvsrSQjFn5by0rhm4VH0GAUELIPpx7B1yg==",
      "extraneous": true,
      "devDependencies": {
        "tester": "^1.3.1"
      }
    },
    "ode_modules/r-json": {
      "version": "1.2.10",
      "resolved": "https://registry.npmjs.org/r-json/-/r-json-1.2.10.tgz",
      "integrity": "sha512-hu9vyLjSlHXT62NAS7DjI9WazDlvjN0lgp3n431dCVnirVcLkZIpzSwA3orhZEKzdDD2jqNYI+w0yG0aFf4kpA==",
      "extraneous": true
    },
    "ode_modules/r-package-json": {
      "version": "1.0.9",
      "resolved": "https://registry.npmjs.org/r-package-json/-/r-package-json-1.0.9.tgz",
      "integrity": "sha512-G4Vpf1KImWmmPFGdtWQTU0L9zk0SjqEC4qs/jE7AQ+Ylmr5kizMzGeC4wnHp5+ijPqNN+2ZPpvyjVNdN1CDVcg==",
      "extraneous": true,
      "dependencies": {
        "package-json-path": "^1.0.0",
        "r-json": "^1.2.1"
      }
    },
    "ode_modules/rc": {
      "version": "1.2.8",
      "resolved": "https://registry.npmjs.org/rc/-/rc-1.2.8.tgz",
      "integrity": "sha512-y3bGgqKj3QBdxLbLkomlohkvsA8gdAiUQlSBJnBhfn+BPxg4bc62d8TcBW15wavDfgexCgccckhcZvywyQYPOw==",
      "extraneous": true,
      "dependencies": {
        "deep-extend": "^0.6.0",
        "ini": "~1.3.0",
        "minimist": "^1.2.0",
        "strip-json-comments": "~2.0.1"
      },
      "bin": {
        "rc": "cli.js"
      }
    },
    "ode_modules/read-all-stream": {
      "version": "3.1.0",
      "resolved": "https://registry.npmjs.org/read-all-stream/-/read-all-stream-3.1.0.tgz",
      "integrity": "sha1-NcPhd/IHjveJ7kv6+kNzB06u9Po=",
      "extraneous": true,
      "dependencies": {
        "pinkie-promise": "^2.0.0",
        "readable-stream": "^2.0.0"
      },
      "devDependencies": {
        "mocha": "*"
      },
      "engines": {
        "node": ">=0.10.0"
      }
    },
    "ode_modules/readable-stream": {
      "version": "2.3.7",
      "resolved": "https://registry.npmjs.org/readable-stream/-/readable-stream-2.3.7.tgz",
      "integrity": "sha512-Ebho8K4jIbHAxnuxi7o42OrZgF/ZTNcsZj6nRKyUmkhLFq8CHItp/fy6hQZuZmP/n3yZ9VBUbp4zz/mX8hmYPw==",
      "extraneous": true,
      "dependencies": {
        "core-util-is": "~1.0.0",
        "inherits": "~2.0.3",
        "isarray": "~1.0.0",
        "process-nextick-args": "~2.0.0",
        "safe-buffer": "~5.1.1",
        "string_decoder": "~1.1.1",
        "util-deprecate": "~1.0.1"
      },
      "devDependencies": {
        "assert": "^1.4.0",
        "babel-polyfill": "^6.9.1",
        "buffer": "^4.9.0",
        "lolex": "^2.3.2",
        "nyc": "^6.4.0",
        "tap": "^0.7.0",
        "tape": "^4.8.0"
      }
    },
    "ode_modules/registry-auth-token": {
      "version": "3.4.0",
      "resolved": "https://registry.npmjs.org/registry-auth-token/-/registry-auth-token-3.4.0.tgz",
      "integrity": "sha512-4LM6Fw8eBQdwMYcES4yTnn2TqIasbXuwDx3um+QRs7S55aMKCBKBxvPXl2RiUjHwuJLTyYfxSpmfSAjQpcuP+A==",
      "extraneous": true,
      "dependencies": {
        "rc": "^1.1.6",
        "safe-buffer": "^5.0.1"
      },
      "devDependencies": {
        "istanbul": "^0.4.2",
        "mocha": "^3.3.0",
        "require-uncached": "^1.0.2",
        "standard": "^10.0.2"
      }
    },
    "ode_modules/registry-url": {
      "version": "3.1.0",
      "resolved": "https://registry.npmjs.org/registry-url/-/registry-url-3.1.0.tgz",
      "integrity": "sha1-PU74cPc93h138M+aOBQyRE4XSUI=",
      "extraneous": true,
      "dependencies": {
        "rc": "^1.0.1"
      },
      "devDependencies": {
        "ava": "*",
        "pify": "^2.3.0",
        "require-uncached": "^1.0.2",
        "xo": "*"
      },
      "engines": {
        "node": ">=0.10.0"
      }
    },
    "ode_modules/resolve": {
      "version": "1.22.0",
      "resolved": "https://registry.npmjs.org/resolve/-/resolve-1.22.0.tgz",
      "integrity": "sha512-Hhtrw0nLeSrFQ7phPp4OOcVjLPIeMnRlr5mcnVuMe7M/7eBn98A3hmFRLoFo3DLZkivSYwhRUJTyPyWAk56WLw==",
      "extraneous": true,
      "dependencies": {
        "is-core-module": "^2.8.1",
        "path-parse": "^1.0.7",
        "supports-preserve-symlinks-flag": "^1.0.0"
      },
      "bin": {
        "resolve": "bin/resolve"
      },
      "devDependencies": {
        "@ljharb/eslint-config": "^20.2.0",
        "array.prototype.map": "^1.0.4",
        "aud": "^2.0.0",
        "copy-dir": "^1.3.0",
        "eclint": "^2.8.1",
        "eslint": "^8.7.0",
        "in-publish": "^2.0.1",
        "mkdirp": "^0.5.5",
        "mv": "^2.1.1",
        "object-keys": "^1.1.1",
        "rimraf": "^2.7.1",
        "safe-publish-latest": "^2.0.0",
        "tap": "0.4.13",
        "tape": "^5.4.1",
        "tmp": "^0.0.31"
      },
      "funding": {
        "url": "https://github.com/sponsors/ljharb"
      }
    },
    "ode_modules/safe-buffer": {
      "version": "5.1.2",
      "resolved": "https://registry.npmjs.org/safe-buffer/-/safe-buffer-5.1.2.tgz",
      "integrity": "sha512-Gd2UZBJDkXlY7GbJxfsE8/nvKkUEU1G38c1siN6QP6a9PT9MmHB8GnpscSmMJSoF8LOIrt8ud/wPtojys4G6+g==",
      "extraneous": true,
      "devDependencies": {
        "standard": "*",
        "tape": "^4.0.0"
      }
    },
    "ode_modules/semver": {
      "version": "5.7.1",
      "resolved": "https://registry.npmjs.org/semver/-/semver-5.7.1.tgz",
      "integrity": "sha512-sauaDf/PZdVgrLTNYHRtpXa1iRiKcaebiKQ1BJdpQlWH2lCvexQdX55snPFyK7QzpudqbCI0qXFfOasHdyNDGQ==",
      "extraneous": true,
      "bin": {
        "semver": "bin/semver"
      },
      "devDependencies": {
        "tap": "^13.0.0-rc.18"
      }
    },
    "ode_modules/sliced": {
      "version": "1.0.1",
      "resolved": "https://registry.npmjs.org/sliced/-/sliced-1.0.1.tgz",
      "integrity": "sha1-CzpmK10Ewxd7GSa+qCsD+Dei70E=",
      "extraneous": true,
      "devDependencies": {
        "benchmark": "~1.0.0",
        "mocha": "1.5.0"
      }
    },
    "ode_modules/spdx-correct": {
      "version": "3.1.1",
      "resolved": "https://registry.npmjs.org/spdx-correct/-/spdx-correct-3.1.1.tgz",
      "integrity": "sha512-cOYcUWwhCuHCXi49RhFRCyJEK3iPj1Ziz9DpViV3tbZOwXD49QzIN3MpOLJNxh2qwq2lJJZaKMVw9qNi4jTC0w==",
      "extraneous": true,
      "dependencies": {
        "spdx-expression-parse": "^3.0.0",
        "spdx-license-ids": "^3.0.0"
      },
      "devDependencies": {
        "defence-cli": "^2.0.1",
        "replace-require-self": "^1.0.0",
        "standard": "^11.0.0",
        "standard-markdown": "^4.0.2",
        "tape": "^4.9.0"
      }
    },
    "ode_modules/spdx-exceptions": {
      "version": "2.3.0",
      "resolved": "https://registry.npmjs.org/spdx-exceptions/-/spdx-exceptions-2.3.0.tgz",
      "integrity": "sha512-/tTrYOC7PPI1nUAgx34hUpqXuyJG+DTHJTnIULG4rDygi4xu/tfgmq1e1cIRwRzwZgo4NLySi+ricLkZkw4i5A==",
      "extraneous": true
    },
    "ode_modules/spdx-expression-parse": {
      "version": "3.0.1",
      "resolved": "https://registry.npmjs.org/spdx-expression-parse/-/spdx-expression-parse-3.0.1.tgz",
      "integrity": "sha512-cbqHunsQWnJNE6KhVSMsMeH5H/L9EpymbzqTQ3uLwNCLZ1Q481oWaofqH7nO6V07xlXwY6PhQdQ2IedWx/ZK4Q==",
      "extraneous": true,
      "dependencies": {
        "spdx-exceptions": "^2.1.0",
        "spdx-license-ids": "^3.0.0"
      },
      "devDependencies": {
        "defence-cli": "^3.0.1",
        "replace-require-self": "^1.0.0",
        "standard": "^14.1.0"
      }
    },
    "ode_modules/spdx-license-ids": {
      "version": "3.0.11",
      "resolved": "https://registry.npmjs.org/spdx-license-ids/-/spdx-license-ids-3.0.11.tgz",
      "integrity": "sha512-Ctl2BrFiM0X3MANYgj3CkygxhRmr9mi6xhejbdO960nF6EDJApTYpn0BQnDKlnNBULKiCN1n3w9EBkHK8ZWg+g==",
      "extraneous": true,
      "devDependencies": {
        "@shinnn/eslint-config": "^7.0.0",
        "eslint": "^8.2.0",
        "eslint-formatter-codeframe": "^7.32.1",
        "rmfr": "^2.0.0",
        "tape": "^5.3.1"
      }
    },
    "ode_modules/string_decoder": {
      "version": "1.1.1",
      "resolved": "https://registry.npmjs.org/string_decoder/-/string_decoder-1.1.1.tgz",
      "integrity": "sha512-n/ShnvDi6FHbbVfviro+WojiFzv+s8MPMHBczVePfUpDJLwoLT0ht1l4YwBCbi8pJAveEEdnkHyPyTP/mzRfwg==",
      "extraneous": true,
      "dependencies": {
        "safe-buffer": "~5.1.0"
      },
      "devDependencies": {
        "babel-polyfill": "^6.23.0",
        "core-util-is": "^1.0.2",
        "inherits": "^2.0.3",
        "tap": "~0.4.8"
      }
    },
    "ode_modules/strip-json-comments": {
      "version": "2.0.1",
      "resolved": "https://registry.npmjs.org/strip-json-comments/-/strip-json-comments-2.0.1.tgz",
      "integrity": "sha1-PFMZQukIwml8DsNEhYwobHygpgo=",
      "extraneous": true,
      "devDependencies": {
        "ava": "*",
        "xo": "*"
      },
      "engines": {
        "node": ">=0.10.0"
      }
    },
    "ode_modules/supports-preserve-symlinks-flag": {
      "version": "1.0.0",
      "resolved": "https://registry.npmjs.org/supports-preserve-symlinks-flag/-/supports-preserve-symlinks-flag-1.0.0.tgz",
      "integrity": "sha512-ot0WnXS9fgdkgIcePe6RHNk1WA8+muPa6cSjeR3V8K27q9BB1rTE3R1p7Hv0z1ZyAc8s6Vvv8DIyWf681MAt0w==",
      "extraneous": true,
      "devDependencies": {
        "@ljharb/eslint-config": "^20.1.0",
        "aud": "^1.1.5",
        "auto-changelog": "^2.3.0",
        "eslint": "^8.6.0",
        "nyc": "^10.3.2",
        "safe-publish-latest": "^2.0.0",
        "semver": "^6.3.0",
        "tape": "^5.4.0"
      },
      "engines": {
        "node": ">= 0.4"
      },
      "funding": {
        "url": "https://github.com/sponsors/ljharb"
      }
    },
    "ode_modules/timed-out": {
      "version": "2.0.0",
      "resolved": "https://registry.npmjs.org/timed-out/-/timed-out-2.0.0.tgz",
      "integrity": "sha1-84sK6B03R9YoAB9B2vxlKs5nHAo=",
      "extraneous": true,
      "devDependencies": {
        "mocha": "*"
      },
      "engines": {
        "node": ">=0.10.0"
      }
    },
    "ode_modules/tmp": {
      "version": "0.0.28",
      "resolved": "https://registry.npmjs.org/tmp/-/tmp-0.0.28.tgz",
      "integrity": "sha1-Fyc1t/YU6nrzlmT6hM8N5OUV0SA=",
      "extraneous": true,
      "dependencies": {
        "os-tmpdir": "~1.0.1"
      },
      "devDependencies": {
        "vows": "~0.7.0"
      },
      "engines": {
        "node": ">=0.4.0"
      }
    },
    "ode_modules/typpy": {
      "version": "2.3.13",
      "resolved": "https://registry.npmjs.org/typpy/-/typpy-2.3.13.tgz",
      "integrity": "sha512-vOxIcQz9sxHi+rT09SJ5aDgVgrPppQjwnnayTrMye1ODaU8gIZTDM19t9TxmEElbMihx2Nq/0/b/MtyKfayRqA==",
      "extraneous": true,
      "dependencies": {
        "function.name": "^1.0.3"
      },
      "devDependencies": {
        "mocha": "^8.2.1"
      }
    },
    "ode_modules/ul": {
      "version": "5.2.15",
      "resolved": "https://registry.npmjs.org/ul/-/ul-5.2.15.tgz",
      "integrity": "sha512-svLEUy8xSCip5IWnsRa0UOg+2zP0Wsj4qlbjTmX6GJSmvKMHADBuHOm1dpNkWqWPIGuVSqzUkV3Cris5JrlTRQ==",
      "extraneous": true,
      "dependencies": {
        "deffy": "^2.2.2",
        "typpy": "^2.3.4"
      },
      "devDependencies": {
        "is-there": "^4.3.3",
        "tester": "^1.3.5"
      }
    },
    "ode_modules/unzip-response": {
      "version": "1.0.2",
      "resolved": "https://registry.npmjs.org/unzip-response/-/unzip-response-1.0.2.tgz",
      "integrity": "sha1-uYTwh3/AqJwsdzzB73tbIytbBv4=",
      "extraneous": true,
      "devDependencies": {
        "ava": "^0.16.0",
        "get-stream": "^2.3.0",
        "pify": "^2.3.0",
        "pinkie-promise": "^2.0.1",
        "rfpify": "^1.0.0",
        "xo": "^0.16.0"
      },
      "engines": {
        "node": ">=0.10"
      }
    },
    "ode_modules/url-parse-lax": {
      "version": "1.0.0",
      "resolved": "https://registry.npmjs.org/url-parse-lax/-/url-parse-lax-1.0.0.tgz",
      "integrity": "sha1-evjzA2Rem9eaJy56FKxovAYJ2nM=",
      "extraneous": true,
      "dependencies": {
        "prepend-http": "^1.0.1"
      },
      "devDependencies": {
        "ava": "0.0.4"
      },
      "engines": {
        "node": ">=0.10.0"
      }
    },
    "ode_modules/util-deprecate": {
      "version": "1.0.2",
      "resolved": "https://registry.npmjs.org/util-deprecate/-/util-deprecate-1.0.2.tgz",
      "integrity": "sha1-RQ1Nyfpw3nMnYvvS1KKJgUGaDM8=",
      "extraneous": true
    },
    "ode_modules/validate-npm-package-license": {
      "version": "3.0.4",
      "resolved": "https://registry.npmjs.org/validate-npm-package-license/-/validate-npm-package-license-3.0.4.tgz",
      "integrity": "sha512-DpKm2Ui/xN7/HQKCtpZxoRWBhZ9Z0kqtygG8XCgNQ8ZlDnxuQmWhj566j8fN4Cu3/JmbhsDo7fcAJq4s9h27Ew==",
      "extraneous": true,
      "dependencies": {
        "spdx-correct": "^3.0.0",
        "spdx-expression-parse": "^3.0.0"
      },
      "devDependencies": {
        "defence-cli": "^2.0.1",
        "replace-require-self": "^1.0.0"
      }
    }
  }
}
